{
  "name": "mini-radio",
  "version": "1.0.0",
  "lockfileVersion": 3,
  "requires": true,
  "packages": {
    "": {
      "name": "mini-radio",
      "version": "1.0.0",
      "dependencies": {
        "mp3-parser": "nlaz/mp3-parser"
      },
      "engines": {
        "node": ">=21.0.0"
      }
    },
    "node_modules/mp3-parser": {
      "version": "1.0.0",
      "resolved": "git+ssh://git@github.com/nlaz/mp3-parser.git#59c8e50e81536a08755c5ee1b04ed6f6bc08c545"
    }
  }
}
